
Microsoft Visual Studio Solution File, Format Version 12.00
# Visual Studio 14
VisualStudioVersion = 14.0.25420.1
MinimumVisualStudioVersion = 10.0.40219.1
Project("{FAE04EC0-301F-11D3-BF4B-00C04F79EFBC}") = "StudentServices", "StudentServices\StudentServices.csproj", "{185C0147-7AB4-4F1D-B951-4DA39A3F23F8}"
EndProject
Project("{FAE04EC0-301F-11D3-BF4B-00C04F79EFBC}") = "StudentDataAccess", "StudentDataAccess\StudentDataAccess.csproj", "{980FA00A-C4F9-4D5F-9C73-4F2E75A4208D}"
EndProject
Global
	GlobalSection(SolutionConfigurationPlatforms) = preSolution
		Debug|Any CPU = Debug|Any CPU
		Release|Any CPU = Release|Any CPU
	EndGlobalSection
	GlobalSection(ProjectConfigurationPlatforms) = postSolution
		{185C0147-7AB4-4F1D-B951-4DA39A3F23F8}.Debug|Any CPU.ActiveCfg = Debug|Any CPU
		{185C0147-7AB4-4F1D-B951-4DA39A3F23F8}.Debug|Any CPU.Build.0 = Debug|Any CPU
		{185C0147-7AB4-4F1D-B951-4DA39A3F23F8}.Release|Any CPU.ActiveCfg = Release|Any CPU
		{185C0147-7AB4-4F1D-B951-4DA39A3F23F8}.Release|Any CPU.Build.0 = Release|Any CPU
		{980FA00A-C4F9-4D5F-9C73-4F2E75A4208D}.Debug|Any CPU.ActiveCfg = Debug|Any CPU
		{980FA00A-C4F9-4D5F-9C73-4F2E75A4208D}.Debug|Any CPU.Build.0 = Debug|Any CPU
		{980FA00A-C4F9-4D5F-9C73-4F2E75A4208D}.Release|Any CPU.ActiveCfg = Release|Any CPU
		{980FA00A-C4F9-4D5F-9C73-4F2E75A4208D}.Release|Any CPU.Build.0 = Release|Any CPU
	EndGlobalSection
	GlobalSection(SolutionProperties) = preSolution
		HideSolutionNode = FALSE
	EndGlobalSection
EndGlobal
